
Microsoft Visual Studio Solution File, Format Version 12.00
# Visual Studio Version 17
VisualStudioVersion = 17.5.33627.172
MinimumVisualStudioVersion = 10.0.40219.1
Project("{FAE04EC0-301F-11D3-BF4B-00C04F79EFBC}") = "Proyecto", "Proyecto\Proyecto.csproj", "{74C9BFF3-1A13-4EC9-92E3-D6148EF922EA}"
EndProject
Project("{FAE04EC0-301F-11D3-BF4B-00C04F79EFBC}") = "Dominio", "Dominio\Dominio.csproj", "{BDBB615F-E062-4104-9DCA-30D52280AF46}"
EndProject
Project("{FAE04EC0-301F-11D3-BF4B-00C04F79EFBC}") = "Negocio", "Negocio\Negocio.csproj", "{77EF172F-4DAB-4004-A378-B06D3F60A298}"
EndProject
Global
	GlobalSection(SolutionConfigurationPlatforms) = preSolution
		Debug|Any CPU = Debug|Any CPU
		Release|Any CPU = Release|Any CPU
	EndGlobalSection
	GlobalSection(ProjectConfigurationPlatforms) = postSolution
		{74C9BFF3-1A13-4EC9-92E3-D6148EF922EA}.Debug|Any CPU.ActiveCfg = Debug|Any CPU
		{74C9BFF3-1A13-4EC9-92E3-D6148EF922EA}.Debug|Any CPU.Build.0 = Debug|Any CPU
		{74C9BFF3-1A13-4EC9-92E3-D6148EF922EA}.Release|Any CPU.ActiveCfg = Release|Any CPU
		{74C9BFF3-1A13-4EC9-92E3-D6148EF922EA}.Release|Any CPU.Build.0 = Release|Any CPU
		{BDBB615F-E062-4104-9DCA-30D52280AF46}.Debug|Any CPU.ActiveCfg = Debug|Any CPU
		{BDBB615F-E062-4104-9DCA-30D52280AF46}.Debug|Any CPU.Build.0 = Debug|Any CPU
		{BDBB615F-E062-4104-9DCA-30D52280AF46}.Release|Any CPU.ActiveCfg = Release|Any CPU
		{BDBB615F-E062-4104-9DCA-30D52280AF46}.Release|Any CPU.Build.0 = Release|Any CPU
		{77EF172F-4DAB-4004-A378-B06D3F60A298}.Debug|Any CPU.ActiveCfg = Debug|Any CPU
		{77EF172F-4DAB-4004-A378-B06D3F60A298}.Debug|Any CPU.Build.0 = Debug|Any CPU
		{77EF172F-4DAB-4004-A378-B06D3F60A298}.Release|Any CPU.ActiveCfg = Release|Any CPU
		{77EF172F-4DAB-4004-A378-B06D3F60A298}.Release|Any CPU.Build.0 = Release|Any CPU
	EndGlobalSection
	GlobalSection(SolutionProperties) = preSolution
		HideSolutionNode = FALSE
	EndGlobalSection
	GlobalSection(ExtensibilityGlobals) = postSolution
		SolutionGuid = {6077A866-EE01-4ADF-BE3B-44D641FB16DE}
	EndGlobalSection
EndGlobal
